
Microsoft Visual Studio Solution File, Format Version 12.00
# Visual Studio Version 16
VisualStudioVersion = 16.0.31702.278
MinimumVisualStudioVersion = 10.0.40219.1
Project("{9A19103F-16F7-4668-BE54-9A1E7A4F7556}") = "ProjBibR", "ProjBibR\ProjBibR.csproj", "{415375B3-A67C-4907-8CD5-63A4F35A98F0}"
EndProject
Project("{FAE04EC0-301F-11D3-BF4B-00C04F79EFBC}") = "NewBibR", "..\NewBibR\NewBibR\NewBibR.csproj", "{B7CAD206-3DE7-4668-AC70-CD1AD78B7452}"
EndProject
Global
	GlobalSection(SolutionConfigurationPlatforms) = preSolution
		Debug|Any CPU = Debug|Any CPU
		Release|Any CPU = Release|Any CPU
	EndGlobalSection
	GlobalSection(ProjectConfigurationPlatforms) = postSolution
		{415375B3-A67C-4907-8CD5-63A4F35A98F0}.Debug|Any CPU.ActiveCfg = Debug|Any CPU
		{415375B3-A67C-4907-8CD5-63A4F35A98F0}.Debug|Any CPU.Build.0 = Debug|Any CPU
		{415375B3-A67C-4907-8CD5-63A4F35A98F0}.Release|Any CPU.ActiveCfg = Release|Any CPU
		{415375B3-A67C-4907-8CD5-63A4F35A98F0}.Release|Any CPU.Build.0 = Release|Any CPU
		{B7CAD206-3DE7-4668-AC70-CD1AD78B7452}.Debug|Any CPU.ActiveCfg = Debug|Any CPU
		{B7CAD206-3DE7-4668-AC70-CD1AD78B7452}.Debug|Any CPU.Build.0 = Debug|Any CPU
		{B7CAD206-3DE7-4668-AC70-CD1AD78B7452}.Release|Any CPU.ActiveCfg = Release|Any CPU
		{B7CAD206-3DE7-4668-AC70-CD1AD78B7452}.Release|Any CPU.Build.0 = Release|Any CPU
	EndGlobalSection
	GlobalSection(SolutionProperties) = preSolution
		HideSolutionNode = FALSE
	EndGlobalSection
	GlobalSection(ExtensibilityGlobals) = postSolution
		SolutionGuid = {605E301B-BE95-45F8-BE3A-FD0970ABFDB3}
	EndGlobalSection
EndGlobal
